
Microsoft Visual Studio Solution File, Format Version 12.00
# Visual Studio 14
VisualStudioVersion = 14.0.25420.1
MinimumVisualStudioVersion = 10.0.40219.1
Project("{FAE04EC0-301F-11D3-BF4B-00C04F79EFBC}") = "WellFired.Guacamole", "WellFired.Guacamole\WellFired.Guacamole.csproj", "{9804DE8D-6D30-4FD7-ADFE-4EC24A7ADB6E}"
EndProject
Project("{FAE04EC0-301F-11D3-BF4B-00C04F79EFBC}") = "WellFired.Guacamole.Examples", "WellFired.Guacamole.Examples\WellFired.Guacamole.Examples.csproj", "{9566C64D-A98F-4202-BC77-01DF9AF1AEF2}"
EndProject
Project("{FAE04EC0-301F-11D3-BF4B-00C04F79EFBC}") = "WellFired.Guacamole.Unity.Editor", "WellFired.Guacamole.Unity.Editor\WellFired.Guacamole.Unity.Editor.csproj", "{9F8C3651-0571-4A3B-A75A-2C7F2F08BDA7}"
EndProject
Project("{FAE04EC0-301F-11D3-BF4B-00C04F79EFBC}") = "WellFired.Guacamole.Unity.Runtime", "WellFired.Guacamole.Unity.Runtime\WellFired.Guacamole.Unity.Runtime.csproj", "{E0DD069B-D631-40B6-9F5E-F515D9AEECCD}"
EndProject
Project("{FAE04EC0-301F-11D3-BF4B-00C04F79EFBC}") = "WellFired.Guacamole.Test", "WellFired.Guacamole.Test\WellFired.Guacamole.Test.csproj", "{BB8952BF-3212-4478-9E84-47158D53E12B}"
EndProject
Project("{2150E333-8FDC-42A3-9474-1A3956D46DE8}") = "Example", "Example", "{C2567451-ABD5-42BD-A45F-3425B34AE783}"
EndProject
Project("{2150E333-8FDC-42A3-9474-1A3956D46DE8}") = "Test", "Test", "{5FEBF2E9-9B8B-4378-87B9-B3E7F1043D91}"
EndProject
Project("{FAE04EC0-301F-11D3-BF4B-00C04F79EFBC}") = "WellFired.Guacamole.Unity.Editor.Test", "WellFired.Guacamole.Unity.Editor.Test\WellFired.Guacamole.Unity.Editor.Test.csproj", "{76422BF7-16C8-4938-8713-99FD1B845C53}"
EndProject
Project("{2150E333-8FDC-42A3-9474-1A3956D46DE8}") = "Core", "Core", "{D91CA749-CD61-4868-AC62-C398C1866FD4}"
EndProject
Project("{2150E333-8FDC-42A3-9474-1A3956D46DE8}") = "Runtime", "Runtime", "{85F20080-3F4E-49F8-A4DD-A856289E626C}"
EndProject
Project("{2150E333-8FDC-42A3-9474-1A3956D46DE8}") = "Automation", "Automation", "{57BC94D1-4E84-43E0-B13F-DC10C04CC236}"
EndProject
Project("{FAE04EC0-301F-11D3-BF4B-00C04F79EFBC}") = "WellFired.Guacamole.Automation", "WellFired.Guacamole.Automation\WellFired.Guacamole.Automation.csproj", "{CED6AE62-AB35-4D9F-8599-2D1359A814F8}"
EndProject
Project("{FAE04EC0-301F-11D3-BF4B-00C04F79EFBC}") = "WellFired.Guacamole.Automation.UnityEditor", "WellFired.Guacamole.Automation.UnityEditor\WellFired.Guacamole.Automation.UnityEditor.csproj", "{F46EB31B-104D-4BC6-B1E8-5DDF0E9D5183}"
EndProject
Global
	GlobalSection(SolutionConfigurationPlatforms) = preSolution
		Debug|Any CPU = Debug|Any CPU
		Release|Any CPU = Release|Any CPU
	EndGlobalSection
	GlobalSection(ProjectConfigurationPlatforms) = postSolution
		{9804DE8D-6D30-4FD7-ADFE-4EC24A7ADB6E}.Debug|Any CPU.ActiveCfg = Debug|Any CPU
		{9804DE8D-6D30-4FD7-ADFE-4EC24A7ADB6E}.Debug|Any CPU.Build.0 = Debug|Any CPU
		{9804DE8D-6D30-4FD7-ADFE-4EC24A7ADB6E}.Release|Any CPU.ActiveCfg = Release|Any CPU
		{9804DE8D-6D30-4FD7-ADFE-4EC24A7ADB6E}.Release|Any CPU.Build.0 = Release|Any CPU
		{9566C64D-A98F-4202-BC77-01DF9AF1AEF2}.Debug|Any CPU.ActiveCfg = Debug|Any CPU
		{9566C64D-A98F-4202-BC77-01DF9AF1AEF2}.Debug|Any CPU.Build.0 = Debug|Any CPU
		{9566C64D-A98F-4202-BC77-01DF9AF1AEF2}.Release|Any CPU.ActiveCfg = Release|Any CPU
		{9566C64D-A98F-4202-BC77-01DF9AF1AEF2}.Release|Any CPU.Build.0 = Release|Any CPU
		{9F8C3651-0571-4A3B-A75A-2C7F2F08BDA7}.Debug|Any CPU.ActiveCfg = Debug|Any CPU
		{9F8C3651-0571-4A3B-A75A-2C7F2F08BDA7}.Debug|Any CPU.Build.0 = Debug|Any CPU
		{9F8C3651-0571-4A3B-A75A-2C7F2F08BDA7}.Release|Any CPU.ActiveCfg = Release|Any CPU
		{9F8C3651-0571-4A3B-A75A-2C7F2F08BDA7}.Release|Any CPU.Build.0 = Release|Any CPU
		{E0DD069B-D631-40B6-9F5E-F515D9AEECCD}.Debug|Any CPU.ActiveCfg = Debug|Any CPU
		{E0DD069B-D631-40B6-9F5E-F515D9AEECCD}.Debug|Any CPU.Build.0 = Debug|Any CPU
		{E0DD069B-D631-40B6-9F5E-F515D9AEECCD}.Release|Any CPU.ActiveCfg = Release|Any CPU
		{E0DD069B-D631-40B6-9F5E-F515D9AEECCD}.Release|Any CPU.Build.0 = Release|Any CPU
		{BB8952BF-3212-4478-9E84-47158D53E12B}.Debug|Any CPU.ActiveCfg = Debug|Any CPU
		{BB8952BF-3212-4478-9E84-47158D53E12B}.Debug|Any CPU.Build.0 = Debug|Any CPU
		{BB8952BF-3212-4478-9E84-47158D53E12B}.Release|Any CPU.ActiveCfg = Release|Any CPU
		{BB8952BF-3212-4478-9E84-47158D53E12B}.Release|Any CPU.Build.0 = Release|Any CPU
		{76422BF7-16C8-4938-8713-99FD1B845C53}.Debug|Any CPU.ActiveCfg = Debug|Any CPU
		{76422BF7-16C8-4938-8713-99FD1B845C53}.Debug|Any CPU.Build.0 = Debug|Any CPU
		{76422BF7-16C8-4938-8713-99FD1B845C53}.Release|Any CPU.ActiveCfg = Release|Any CPU
		{76422BF7-16C8-4938-8713-99FD1B845C53}.Release|Any CPU.Build.0 = Release|Any CPU
		{CED6AE62-AB35-4D9F-8599-2D1359A814F8}.Debug|Any CPU.ActiveCfg = Debug|Any CPU
		{CED6AE62-AB35-4D9F-8599-2D1359A814F8}.Debug|Any CPU.Build.0 = Debug|Any CPU
		{CED6AE62-AB35-4D9F-8599-2D1359A814F8}.Release|Any CPU.ActiveCfg = Release|Any CPU
		{CED6AE62-AB35-4D9F-8599-2D1359A814F8}.Release|Any CPU.Build.0 = Release|Any CPU
		{F46EB31B-104D-4BC6-B1E8-5DDF0E9D5183}.Debug|Any CPU.ActiveCfg = Debug|Any CPU
		{F46EB31B-104D-4BC6-B1E8-5DDF0E9D5183}.Debug|Any CPU.Build.0 = Debug|Any CPU
		{F46EB31B-104D-4BC6-B1E8-5DDF0E9D5183}.Release|Any CPU.ActiveCfg = Release|Any CPU
		{F46EB31B-104D-4BC6-B1E8-5DDF0E9D5183}.Release|Any CPU.Build.0 = Release|Any CPU
	EndGlobalSection
	GlobalSection(SolutionProperties) = preSolution
		HideSolutionNode = FALSE
	EndGlobalSection
	GlobalSection(NestedProjects) = preSolution
		{9566C64D-A98F-4202-BC77-01DF9AF1AEF2} = {C2567451-ABD5-42BD-A45F-3425B34AE783}
		{BB8952BF-3212-4478-9E84-47158D53E12B} = {D91CA749-CD61-4868-AC62-C398C1866FD4}
		{76422BF7-16C8-4938-8713-99FD1B845C53} = {85F20080-3F4E-49F8-A4DD-A856289E626C}
		{D91CA749-CD61-4868-AC62-C398C1866FD4} = {5FEBF2E9-9B8B-4378-87B9-B3E7F1043D91}
		{85F20080-3F4E-49F8-A4DD-A856289E626C} = {5FEBF2E9-9B8B-4378-87B9-B3E7F1043D91}
		{57BC94D1-4E84-43E0-B13F-DC10C04CC236} = {5FEBF2E9-9B8B-4378-87B9-B3E7F1043D91}
		{CED6AE62-AB35-4D9F-8599-2D1359A814F8} = {57BC94D1-4E84-43E0-B13F-DC10C04CC236}
		{F46EB31B-104D-4BC6-B1E8-5DDF0E9D5183} = {57BC94D1-4E84-43E0-B13F-DC10C04CC236}
	EndGlobalSection
EndGlobal
